
Microsoft Visual Studio Solution File, Format Version 12.00
# Visual Studio Version 16
VisualStudioVersion = 16.0.30907.101
MinimumVisualStudioVersion = 10.0.40219.1
Project("{FAE04EC0-301F-11D3-BF4B-00C04F79EFBC}") = "ProyectoV", "ProyectoV\ProyectoV.csproj", "{D307519F-5D51-40C3-BA1C-EF4805ED22C0}"
EndProject
Project("{FAE04EC0-301F-11D3-BF4B-00C04F79EFBC}") = "DAL", "DAL\DAL.csproj", "{278273C3-A3DD-4B6C-A34E-D8C254BD3E06}"
EndProject
Project("{FAE04EC0-301F-11D3-BF4B-00C04F79EFBC}") = "BLL", "BLL\BLL.csproj", "{36387A51-3561-489D-9CF1-6C82C12EC27C}"
EndProject
Global
	GlobalSection(SolutionConfigurationPlatforms) = preSolution
		Debug|Any CPU = Debug|Any CPU
		Release|Any CPU = Release|Any CPU
	EndGlobalSection
	GlobalSection(ProjectConfigurationPlatforms) = postSolution
		{D307519F-5D51-40C3-BA1C-EF4805ED22C0}.Debug|Any CPU.ActiveCfg = Debug|Any CPU
		{D307519F-5D51-40C3-BA1C-EF4805ED22C0}.Debug|Any CPU.Build.0 = Debug|Any CPU
		{D307519F-5D51-40C3-BA1C-EF4805ED22C0}.Release|Any CPU.ActiveCfg = Release|Any CPU
		{D307519F-5D51-40C3-BA1C-EF4805ED22C0}.Release|Any CPU.Build.0 = Release|Any CPU
		{278273C3-A3DD-4B6C-A34E-D8C254BD3E06}.Debug|Any CPU.ActiveCfg = Debug|Any CPU
		{278273C3-A3DD-4B6C-A34E-D8C254BD3E06}.Debug|Any CPU.Build.0 = Debug|Any CPU
		{278273C3-A3DD-4B6C-A34E-D8C254BD3E06}.Release|Any CPU.ActiveCfg = Release|Any CPU
		{278273C3-A3DD-4B6C-A34E-D8C254BD3E06}.Release|Any CPU.Build.0 = Release|Any CPU
		{36387A51-3561-489D-9CF1-6C82C12EC27C}.Debug|Any CPU.ActiveCfg = Debug|Any CPU
		{36387A51-3561-489D-9CF1-6C82C12EC27C}.Debug|Any CPU.Build.0 = Debug|Any CPU
		{36387A51-3561-489D-9CF1-6C82C12EC27C}.Release|Any CPU.ActiveCfg = Release|Any CPU
		{36387A51-3561-489D-9CF1-6C82C12EC27C}.Release|Any CPU.Build.0 = Release|Any CPU
	EndGlobalSection
	GlobalSection(SolutionProperties) = preSolution
		HideSolutionNode = FALSE
	EndGlobalSection
	GlobalSection(ExtensibilityGlobals) = postSolution
		SolutionGuid = {C83F57F1-9147-44AF-9092-A0C22D4B4F30}
	EndGlobalSection
EndGlobal
